// !$*UTF8*$!
{
	archiveVersion = 1;
	classes = {
	};
	objectVersion = 56;
	objects = {

/* Begin PBXBuildFile section */
		2E2CB3392BA2F6B0004ED8ED /* AppDelegate.swift in Sources */ = {isa = PBXBuildFile; fileRef = 2E2CB3382BA2F6B0004ED8ED /* AppDelegate.swift */; };
		2E2CB33B2BA2F6B0004ED8ED /* SceneDelegate.swift in Sources */ = {isa = PBXBuildFile; fileRef = 2E2CB33A2BA2F6B0004ED8ED /* SceneDelegate.swift */; };
		2E2CB3422BA2F6B2004ED8ED /* Assets.xcassets in Resources */ = {isa = PBXBuildFile; fileRef = 2E2CB3412BA2F6B2004ED8ED /* Assets.xcassets */; };
		2E2CB3452BA2F6B2004ED8ED /* LaunchScreen.storyboard in Resources */ = {isa = PBXBuildFile; fileRef = 2E2CB3432BA2F6B2004ED8ED /* LaunchScreen.storyboard */; };
		2E2CB34F2BA2F713004ED8ED /* OnBoardingView.swift in Sources */ = {isa = PBXBuildFile; fileRef = 2E2CB34E2BA2F713004ED8ED /* OnBoardingView.swift */; };
		2E2CB3512BA2F723004ED8ED /* OnBoardingCell.swift in Sources */ = {isa = PBXBuildFile; fileRef = 2E2CB3502BA2F723004ED8ED /* OnBoardingCell.swift */; };
		2E2CB3552BA2F77B004ED8ED /* SettingsViewController.swift in Sources */ = {isa = PBXBuildFile; fileRef = 2E2CB3542BA2F77B004ED8ED /* SettingsViewController.swift */; };
		2E2CB3572BA2F788004ED8ED /* SettingsModel.swift in Sources */ = {isa = PBXBuildFile; fileRef = 2E2CB3562BA2F788004ED8ED /* SettingsModel.swift */; };
		2E2CB3592BA2F793004ED8ED /* SettingsController.swift in Sources */ = {isa = PBXBuildFile; fileRef = 2E2CB3582BA2F793004ED8ED /* SettingsController.swift */; };
		2E2CB35B2BA2F7A2004ED8ED /* SettingsCell.swift in Sources */ = {isa = PBXBuildFile; fileRef = 2E2CB35A2BA2F7A2004ED8ED /* SettingsCell.swift */; };
		2E2CB35E2BA2F7B5004ED8ED /* HomeView.swift in Sources */ = {isa = PBXBuildFile; fileRef = 2E2CB35D2BA2F7B5004ED8ED /* HomeView.swift */; };
		2E2CB3602BA2F7C7004ED8ED /* NoteCell.swift in Sources */ = {isa = PBXBuildFile; fileRef = 2E2CB35F2BA2F7C7004ED8ED /* NoteCell.swift */; };
		2E2CB3622BA2F7D3004ED8ED /* HomeController.swift in Sources */ = {isa = PBXBuildFile; fileRef = 2E2CB3612BA2F7D3004ED8ED /* HomeController.swift */; };
		2E2CB3642BA2F7DD004ED8ED /* HomeModel.swift in Sources */ = {isa = PBXBuildFile; fileRef = 2E2CB3632BA2F7DD004ED8ED /* HomeModel.swift */; };
		2E2CB3682BA43D70004ED8ED /* AddNoteView.swift in Sources */ = {isa = PBXBuildFile; fileRef = 2E2CB3672BA43D70004ED8ED /* AddNoteView.swift */; };
		2E2CB36B2BA45254004ED8ED /* Note.xcdatamodeld in Sources */ = {isa = PBXBuildFile; fileRef = 2E2CB3692BA45254004ED8ED /* Note.xcdatamodeld */; };
		2E2CB36E2BA4551C004ED8ED /* Note+CoreDataClass.swift in Sources */ = {isa = PBXBuildFile; fileRef = 2E2CB36C2BA4551C004ED8ED /* Note+CoreDataClass.swift */; };
		2E2CB36F2BA4551C004ED8ED /* Note+CoreDataProperties.swift in Sources */ = {isa = PBXBuildFile; fileRef = 2E2CB36D2BA4551C004ED8ED /* Note+CoreDataProperties.swift */; };
		2E2CB3732BA455F2004ED8ED /* CoreDataService.swift in Sources */ = {isa = PBXBuildFile; fileRef = 2E2CB3722BA455F2004ED8ED /* CoreDataService.swift */; };
		2EE5BD522BA8D750008018EF /* LanguageSelectView.swift in Sources */ = {isa = PBXBuildFile; fileRef = 2EE5BD512BA8D750008018EF /* LanguageSelectView.swift */; };
		2EE5BD542BA98584008018EF /* LanguageCell.swift in Sources */ = {isa = PBXBuildFile; fileRef = 2EE5BD532BA98584008018EF /* LanguageCell.swift */; };
/* End PBXBuildFile section */

/* Begin PBXFileReference section */
		2E2CB3352BA2F6B0004ED8ED /* MyNotes2.app */ = {isa = PBXFileReference; explicitFileType = wrapper.application; includeInIndex = 0; path = MyNotes2.app; sourceTree = BUILT_PRODUCTS_DIR; };
		2E2CB3382BA2F6B0004ED8ED /* AppDelegate.swift */ = {isa = PBXFileReference; lastKnownFileType = sourcecode.swift; path = AppDelegate.swift; sourceTree = "<group>"; };
		2E2CB33A2BA2F6B0004ED8ED /* SceneDelegate.swift */ = {isa = PBXFileReference; lastKnownFileType = sourcecode.swift; path = SceneDelegate.swift; sourceTree = "<group>"; };
		2E2CB3412BA2F6B2004ED8ED /* Assets.xcassets */ = {isa = PBXFileReference; lastKnownFileType = folder.assetcatalog; path = Assets.xcassets; sourceTree = "<group>"; };
		2E2CB3442BA2F6B2004ED8ED /* Base */ = {isa = PBXFileReference; lastKnownFileType = file.storyboard; name = Base; path = Base.lproj/LaunchScreen.storyboard; sourceTree = "<group>"; };
		2E2CB3462BA2F6B2004ED8ED /* Info.plist */ = {isa = PBXFileReference; lastKnownFileType = text.plist.xml; path = Info.plist; sourceTree = "<group>"; };
		2E2CB34E2BA2F713004ED8ED /* OnBoardingView.swift */ = {isa = PBXFileReference; lastKnownFileType = sourcecode.swift; path = OnBoardingView.swift; sourceTree = "<group>"; };
		2E2CB3502BA2F723004ED8ED /* OnBoardingCell.swift */ = {isa = PBXFileReference; lastKnownFileType = sourcecode.swift; path = OnBoardingCell.swift; sourceTree = "<group>"; };
		2E2CB3542BA2F77B004ED8ED /* SettingsViewController.swift */ = {isa = PBXFileReference; lastKnownFileType = sourcecode.swift; path = SettingsViewController.swift; sourceTree = "<group>"; };
		2E2CB3562BA2F788004ED8ED /* SettingsModel.swift */ = {isa = PBXFileReference; lastKnownFileType = sourcecode.swift; path = SettingsModel.swift; sourceTree = "<group>"; };
		2E2CB3582BA2F793004ED8ED /* SettingsController.swift */ = {isa = PBXFileReference; lastKnownFileType = sourcecode.swift; path = SettingsController.swift; sourceTree = "<group>"; };
		2E2CB35A2BA2F7A2004ED8ED /* SettingsCell.swift */ = {isa = PBXFileReference; lastKnownFileType = sourcecode.swift; path = SettingsCell.swift; sourceTree = "<group>"; };
		2E2CB35D2BA2F7B5004ED8ED /* HomeView.swift */ = {isa = PBXFileReference; lastKnownFileType = sourcecode.swift; path = HomeView.swift; sourceTree = "<group>"; };
		2E2CB35F2BA2F7C7004ED8ED /* NoteCell.swift */ = {isa = PBXFileReference; lastKnownFileType = sourcecode.swift; path = NoteCell.swift; sourceTree = "<group>"; };
		2E2CB3612BA2F7D3004ED8ED /* HomeController.swift */ = {isa = PBXFileReference; lastKnownFileType = sourcecode.swift; path = HomeController.swift; sourceTree = "<group>"; };
		2E2CB3632BA2F7DD004ED8ED /* HomeModel.swift */ = {isa = PBXFileReference; lastKnownFileType = sourcecode.swift; path = HomeModel.swift; sourceTree = "<group>"; };
		2E2CB3672BA43D70004ED8ED /* AddNoteView.swift */ = {isa = PBXFileReference; lastKnownFileType = sourcecode.swift; path = AddNoteView.swift; sourceTree = "<group>"; };
		2E2CB36A2BA45254004ED8ED /* Note.xcdatamodel */ = {isa = PBXFileReference; lastKnownFileType = wrapper.xcdatamodel; path = Note.xcdatamodel; sourceTree = "<group>"; };
		2E2CB36C2BA4551C004ED8ED /* Note+CoreDataClass.swift */ = {isa = PBXFileReference; lastKnownFileType = sourcecode.swift; path = "Note+CoreDataClass.swift"; sourceTree = "<group>"; };
		2E2CB36D2BA4551C004ED8ED /* Note+CoreDataProperties.swift */ = {isa = PBXFileReference; lastKnownFileType = sourcecode.swift; path = "Note+CoreDataProperties.swift"; sourceTree = "<group>"; };
		2E2CB3722BA455F2004ED8ED /* CoreDataService.swift */ = {isa = PBXFileReference; lastKnownFileType = sourcecode.swift; path = CoreDataService.swift; sourceTree = "<group>"; };
		2EE5BD512BA8D750008018EF /* LanguageSelectView.swift */ = {isa = PBXFileReference; lastKnownFileType = sourcecode.swift; path = LanguageSelectView.swift; sourceTree = "<group>"; };
		2EE5BD532BA98584008018EF /* LanguageCell.swift */ = {isa = PBXFileReference; lastKnownFileType = sourcecode.swift; path = LanguageCell.swift; sourceTree = "<group>"; };
/* End PBXFileReference section */

/* Begin PBXFrameworksBuildPhase section */
		2E2CB3322BA2F6B0004ED8ED /* Frameworks */ = {
			isa = PBXFrameworksBuildPhase;
			buildActionMask = 2147483647;
			files = (
			);
			runOnlyForDeploymentPostprocessing = 0;
		};
/* End PBXFrameworksBuildPhase section */

/* Begin PBXGroup section */
		2E2CB32C2BA2F6B0004ED8ED = {
			isa = PBXGroup;
			children = (
				2E2CB3372BA2F6B0004ED8ED /* MyNotes2 */,
				2E2CB3362BA2F6B0004ED8ED /* Products */,
			);
			sourceTree = "<group>";
		};
		2E2CB3362BA2F6B0004ED8ED /* Products */ = {
			isa = PBXGroup;
			children = (
				2E2CB3352BA2F6B0004ED8ED /* MyNotes2.app */,
			);
			name = Products;
			sourceTree = "<group>";
		};
		2E2CB3372BA2F6B0004ED8ED /* MyNotes2 */ = {
			isa = PBXGroup;
			children = (
				2E2CB36C2BA4551C004ED8ED /* Note+CoreDataClass.swift */,
				2E2CB36D2BA4551C004ED8ED /* Note+CoreDataProperties.swift */,
				2E2CB3702BA455C9004ED8ED /* Services */,
				2E2CB3522BA2F72C004ED8ED /* Modules */,
				2E2CB34C2BA2F6EE004ED8ED /* Delegate */,
				2E2CB3412BA2F6B2004ED8ED /* Assets.xcassets */,
				2E2CB3432BA2F6B2004ED8ED /* LaunchScreen.storyboard */,
				2E2CB3462BA2F6B2004ED8ED /* Info.plist */,
				2E2CB3692BA45254004ED8ED /* Note.xcdatamodeld */,
			);
			path = MyNotes2;
			sourceTree = "<group>";
		};
		2E2CB34C2BA2F6EE004ED8ED /* Delegate */ = {
			isa = PBXGroup;
			children = (
				2E2CB3382BA2F6B0004ED8ED /* AppDelegate.swift */,
				2E2CB33A2BA2F6B0004ED8ED /* SceneDelegate.swift */,
			);
			path = Delegate;
			sourceTree = "<group>";
		};
		2E2CB34D2BA2F6FA004ED8ED /* OnBoarding */ = {
			isa = PBXGroup;
			children = (
				2E2CB34E2BA2F713004ED8ED /* OnBoardingView.swift */,
				2E2CB3502BA2F723004ED8ED /* OnBoardingCell.swift */,
			);
			path = OnBoarding;
			sourceTree = "<group>";
		};
		2E2CB3522BA2F72C004ED8ED /* Modules */ = {
			isa = PBXGroup;
			children = (
				2EE5BD502BA8D706008018EF /* LanguageSelectView */,
				2E2CB3662BA43D59004ED8ED /* AddNote */,
				2E2CB35C2BA2F7AA004ED8ED /* Home */,
				2E2CB3532BA2F760004ED8ED /* Settings */,
				2E2CB34D2BA2F6FA004ED8ED /* OnBoarding */,
			);
			path = Modules;
			sourceTree = "<group>";
		};
		2E2CB3532BA2F760004ED8ED /* Settings */ = {
			isa = PBXGroup;
			children = (
				2E2CB3542BA2F77B004ED8ED /* SettingsViewController.swift */,
				2E2CB3562BA2F788004ED8ED /* SettingsModel.swift */,
				2E2CB3582BA2F793004ED8ED /* SettingsController.swift */,
				2E2CB35A2BA2F7A2004ED8ED /* SettingsCell.swift */,
			);
			path = Settings;
			sourceTree = "<group>";
		};
		2E2CB35C2BA2F7AA004ED8ED /* Home */ = {
			isa = PBXGroup;
			children = (
				2E2CB35D2BA2F7B5004ED8ED /* HomeView.swift */,
				2E2CB35F2BA2F7C7004ED8ED /* NoteCell.swift */,
				2E2CB3612BA2F7D3004ED8ED /* HomeController.swift */,
				2E2CB3632BA2F7DD004ED8ED /* HomeModel.swift */,
			);
			path = Home;
			sourceTree = "<group>";
		};
		2E2CB3662BA43D59004ED8ED /* AddNote */ = {
			isa = PBXGroup;
			children = (
				2E2CB3672BA43D70004ED8ED /* AddNoteView.swift */,
			);
			path = AddNote;
			sourceTree = "<group>";
		};
		2E2CB3702BA455C9004ED8ED /* Services */ = {
			isa = PBXGroup;
			children = (
				2E2CB3712BA455D2004ED8ED /* CoreData */,
			);
			path = Services;
			sourceTree = "<group>";
		};
		2E2CB3712BA455D2004ED8ED /* CoreData */ = {
			isa = PBXGroup;
			children = (
				2E2CB3722BA455F2004ED8ED /* CoreDataService.swift */,
			);
			path = CoreData;
			sourceTree = "<group>";
		};
		2EE5BD502BA8D706008018EF /* LanguageSelectView */ = {
			isa = PBXGroup;
			children = (
				2EE5BD512BA8D750008018EF /* LanguageSelectView.swift */,
				2EE5BD532BA98584008018EF /* LanguageCell.swift */,
			);
			path = LanguageSelectView;
			sourceTree = "<group>";
		};
/* End PBXGroup section */

/* Begin PBXNativeTarget section */
		2E2CB3342BA2F6B0004ED8ED /* MyNotes2 */ = {
			isa = PBXNativeTarget;
			buildConfigurationList = 2E2CB3492BA2F6B2004ED8ED /* Build configuration list for PBXNativeTarget "MyNotes2" */;
			buildPhases = (
				2E2CB3312BA2F6B0004ED8ED /* Sources */,
				2E2CB3322BA2F6B0004ED8ED /* Frameworks */,
				2E2CB3332BA2F6B0004ED8ED /* Resources */,
			);
			buildRules = (
			);
			dependencies = (
			);
			name = MyNotes2;
			productName = MyNotes2;
			productReference = 2E2CB3352BA2F6B0004ED8ED /* MyNotes2.app */;
			productType = "com.apple.product-type.application";
		};
/* End PBXNativeTarget section */

/* Begin PBXProject section */
		2E2CB32D2BA2F6B0004ED8ED /* Project object */ = {
			isa = PBXProject;
			attributes = {
				BuildIndependentTargetsInParallel = 1;
				LastSwiftUpdateCheck = 1520;
				LastUpgradeCheck = 1520;
				TargetAttributes = {
					2E2CB3342BA2F6B0004ED8ED = {
						CreatedOnToolsVersion = 15.2;
					};
				};
			};
			buildConfigurationList = 2E2CB3302BA2F6B0004ED8ED /* Build configuration list for PBXProject "MyNotes2" */;
			compatibilityVersion = "Xcode 14.0";
			developmentRegion = en;
			hasScannedForEncodings = 0;
			knownRegions = (
				en,
				Base,
			);
			mainGroup = 2E2CB32C2BA2F6B0004ED8ED;
			productRefGroup = 2E2CB3362BA2F6B0004ED8ED /* Products */;
			projectDirPath = "";
			projectRoot = "";
			targets = (
				2E2CB3342BA2F6B0004ED8ED /* MyNotes2 */,
			);
		};
/* End PBXProject section */

/* Begin PBXResourcesBuildPhase section */
		2E2CB3332BA2F6B0004ED8ED /* Resources */ = {
			isa = PBXResourcesBuildPhase;
			buildActionMask = 2147483647;
			files = (
				2E2CB3452BA2F6B2004ED8ED /* LaunchScreen.storyboard in Resources */,
				2E2CB3422BA2F6B2004ED8ED /* Assets.xcassets in Resources */,
			);
			runOnlyForDeploymentPostprocessing = 0;
		};
/* End PBXResourcesBuildPhase section */

/* Begin PBXSourcesBuildPhase section */
		2E2CB3312BA2F6B0004ED8ED /* Sources */ = {
			isa = PBXSourcesBuildPhase;
			buildActionMask = 2147483647;
			files = (
				2E2CB3732BA455F2004ED8ED /* CoreDataService.swift in Sources */,
				2E2CB3592BA2F793004ED8ED /* SettingsController.swift in Sources */,
				2E2CB3512BA2F723004ED8ED /* OnBoardingCell.swift in Sources */,
				2E2CB3602BA2F7C7004ED8ED /* NoteCell.swift in Sources */,
				2E2CB35B2BA2F7A2004ED8ED /* SettingsCell.swift in Sources */,
				2E2CB3682BA43D70004ED8ED /* AddNoteView.swift in Sources */,
				2E2CB35E2BA2F7B5004ED8ED /* HomeView.swift in Sources */,
				2E2CB34F2BA2F713004ED8ED /* OnBoardingView.swift in Sources */,
				2EE5BD522BA8D750008018EF /* LanguageSelectView.swift in Sources */,
				2E2CB3392BA2F6B0004ED8ED /* AppDelegate.swift in Sources */,
				2E2CB3622BA2F7D3004ED8ED /* HomeController.swift in Sources */,
				2EE5BD542BA98584008018EF /* LanguageCell.swift in Sources */,
				2E2CB36F2BA4551C004ED8ED /* Note+CoreDataProperties.swift in Sources */,
				2E2CB3642BA2F7DD004ED8ED /* HomeModel.swift in Sources */,
				2E2CB33B2BA2F6B0004ED8ED /* SceneDelegate.swift in Sources */,
				2E2CB36B2BA45254004ED8ED /* Note.xcdatamodeld in Sources */,
				2E2CB36E2BA4551C004ED8ED /* Note+CoreDataClass.swift in Sources */,
				2E2CB3572BA2F788004ED8ED /* SettingsModel.swift in Sources */,
				2E2CB3552BA2F77B004ED8ED /* SettingsViewController.swift in Sources */,
			);
			runOnlyForDeploymentPostprocessing = 0;
		};
/* End PBXSourcesBuildPhase section */

/* Begin PBXVariantGroup section */
		2E2CB3432BA2F6B2004ED8ED /* LaunchScreen.storyboard */ = {
			isa = PBXVariantGroup;
			children = (
				2E2CB3442BA2F6B2004ED8ED /* Base */,
			);
			name = LaunchScreen.storyboard;
			sourceTree = "<group>";
		};
/* End PBXVariantGroup section */

/* Begin XCBuildConfiguration section */
		2E2CB3472BA2F6B2004ED8ED /* Debug */ = {
			isa = XCBuildConfiguration;
			buildSettings = {
				ALWAYS_SEARCH_USER_PATHS = NO;
				ASSETCATALOG_COMPILER_GENERATE_SWIFT_ASSET_SYMBOL_EXTENSIONS = YES;
				CLANG_ANALYZER_NONNULL = YES;
				CLANG_ANALYZER_NUMBER_OBJECT_CONVERSION = YES_AGGRESSIVE;
				CLANG_CXX_LANGUAGE_STANDARD = "gnu++20";
				CLANG_ENABLE_MODULES = YES;
				CLANG_ENABLE_OBJC_ARC = YES;
				CLANG_ENABLE_OBJC_WEAK = YES;
				CLANG_WARN_BLOCK_CAPTURE_AUTORELEASING = YES;
				CLANG_WARN_BOOL_CONVERSION = YES;
				CLANG_WARN_COMMA = YES;
				CLANG_WARN_CONSTANT_CONVERSION = YES;
				CLANG_WARN_DEPRECATED_OBJC_IMPLEMENTATIONS = YES;
				CLANG_WARN_DIRECT_OBJC_ISA_USAGE = YES_ERROR;
				CLANG_WARN_DOCUMENTATION_COMMENTS = YES;
				CLANG_WARN_EMPTY_BODY = YES;
				CLANG_WARN_ENUM_CONVERSION = YES;
				CLANG_WARN_INFINITE_RECURSION = YES;
				CLANG_WARN_INT_CONVERSION = YES;
				CLANG_WARN_NON_LITERAL_NULL_CONVERSION = YES;
				CLANG_WARN_OBJC_IMPLICIT_RETAIN_SELF = YES;
				CLANG_WARN_OBJC_LITERAL_CONVERSION = YES;
				CLANG_WARN_OBJC_ROOT_CLASS = YES_ERROR;
				CLANG_WARN_QUOTED_INCLUDE_IN_FRAMEWORK_HEADER = YES;
				CLANG_WARN_RANGE_LOOP_ANALYSIS = YES;
				CLANG_WARN_STRICT_PROTOTYPES = YES;
				CLANG_WARN_SUSPICIOUS_MOVE = YES;
				CLANG_WARN_UNGUARDED_AVAILABILITY = YES_AGGRESSIVE;
				CLANG_WARN_UNREACHABLE_CODE = YES;
				CLANG_WARN__DUPLICATE_METHOD_MATCH = YES;
				COPY_PHASE_STRIP = NO;
				DEBUG_INFORMATION_FORMAT = dwarf;
				ENABLE_STRICT_OBJC_MSGSEND = YES;
				ENABLE_TESTABILITY = YES;
				ENABLE_USER_SCRIPT_SANDBOXING = YES;
				GCC_C_LANGUAGE_STANDARD = gnu17;
				GCC_DYNAMIC_NO_PIC = NO;
				GCC_NO_COMMON_BLOCKS = YES;
				GCC_OPTIMIZATION_LEVEL = 0;
				GCC_PREPROCESSOR_DEFINITIONS = (
					"DEBUG=1",
					"$(inherited)",
				);
				GCC_WARN_64_TO_32_BIT_CONVERSION = YES;
				GCC_WARN_ABOUT_RETURN_TYPE = YES_ERROR;
				GCC_WARN_UNDECLARED_SELECTOR = YES;
				GCC_WARN_UNINITIALIZED_AUTOS = YES_AGGRESSIVE;
				GCC_WARN_UNUSED_FUNCTION = YES;
				GCC_WARN_UNUSED_VARIABLE = YES;
				IPHONEOS_DEPLOYMENT_TARGET = 17.2;
				LOCALIZATION_PREFERS_STRING_CATALOGS = YES;
				MTL_ENABLE_DEBUG_INFO = INCLUDE_SOURCE;
				MTL_FAST_MATH = YES;
				ONLY_ACTIVE_ARCH = YES;
				SDKROOT = iphoneos;
				SWIFT_ACTIVE_COMPILATION_CONDITIONS = "DEBUG $(inherited)";
				SWIFT_OPTIMIZATION_LEVEL = "-Onone";
			};
			name = Debug;
		};
		2E2CB3482BA2F6B2004ED8ED /* Release */ = {
			isa = XCBuildConfiguration;
			buildSettings = {
				ALWAYS_SEARCH_USER_PATHS = NO;
				ASSETCATALOG_COMPILER_GENERATE_SWIFT_ASSET_SYMBOL_EXTENSIONS = YES;
				CLANG_ANALYZER_NONNULL = YES;
				CLANG_ANALYZER_NUMBER_OBJECT_CONVERSION = YES_AGGRESSIVE;
				CLANG_CXX_LANGUAGE_STANDARD = "gnu++20";
				CLANG_ENABLE_MODULES = YES;
				CLANG_ENABLE_OBJC_ARC = YES;
				CLANG_ENABLE_OBJC_WEAK = YES;
				CLANG_WARN_BLOCK_CAPTURE_AUTORELEASING = YES;
				CLANG_WARN_BOOL_CONVERSION = YES;
				CLANG_WARN_COMMA = YES;
				CLANG_WARN_CONSTANT_CONVERSION = YES;
				CLANG_WARN_DEPRECATED_OBJC_IMPLEMENTATIONS = YES;
				CLANG_WARN_DIRECT_OBJC_ISA_USAGE = YES_ERROR;
				CLANG_WARN_DOCUMENTATION_COMMENTS = YES;
				CLANG_WARN_EMPTY_BODY = YES;
				CLANG_WARN_ENUM_CONVERSION = YES;
				CLANG_WARN_INFINITE_RECURSION = YES;
				CLANG_WARN_INT_CONVERSION = YES;
				CLANG_WARN_NON_LITERAL_NULL_CONVERSION = YES;
				CLANG_WARN_OBJC_IMPLICIT_RETAIN_SELF = YES;
				CLANG_WARN_OBJC_LITERAL_CONVERSION = YES;
				CLANG_WARN_OBJC_ROOT_CLASS = YES_ERROR;
				CLANG_WARN_QUOTED_INCLUDE_IN_FRAMEWORK_HEADER = YES;
				CLANG_WARN_RANGE_LOOP_ANALYSIS = YES;
				CLANG_WARN_STRICT_PROTOTYPES = YES;
				CLANG_WARN_SUSPICIOUS_MOVE = YES;
				CLANG_WARN_UNGUARDED_AVAILABILITY = YES_AGGRESSIVE;
				CLANG_WARN_UNREACHABLE_CODE = YES;
				CLANG_WARN__DUPLICATE_METHOD_MATCH = YES;
				COPY_PHASE_STRIP = NO;
				DEBUG_INFORMATION_FORMAT = "dwarf-with-dsym";
				ENABLE_NS_ASSERTIONS = NO;
				ENABLE_STRICT_OBJC_MSGSEND = YES;
				ENABLE_USER_SCRIPT_SANDBOXING = YES;
				GCC_C_LANGUAGE_STANDARD = gnu17;
				GCC_NO_COMMON_BLOCKS = YES;
				GCC_WARN_64_TO_32_BIT_CONVERSION = YES;
				GCC_WARN_ABOUT_RETURN_TYPE = YES_ERROR;
				GCC_WARN_UNDECLARED_SELECTOR = YES;
				GCC_WARN_UNINITIALIZED_AUTOS = YES_AGGRESSIVE;
				GCC_WARN_UNUSED_FUNCTION = YES;
				GCC_WARN_UNUSED_VARIABLE = YES;
				IPHONEOS_DEPLOYMENT_TARGET = 17.2;
				LOCALIZATION_PREFERS_STRING_CATALOGS = YES;
				MTL_ENABLE_DEBUG_INFO = NO;
				MTL_FAST_MATH = YES;
				SDKROOT = iphoneos;
				SWIFT_COMPILATION_MODE = wholemodule;
				VALIDATE_PRODUCT = YES;
			};
			name = Release;
		};
		2E2CB34A2BA2F6B2004ED8ED /* Debug */ = {
			isa = XCBuildConfiguration;
			buildSettings = {
				ASSETCATALOG_COMPILER_APPICON_NAME = AppIcon;
				ASSETCATALOG_COMPILER_GLOBAL_ACCENT_COLOR_NAME = AccentColor;
				CODE_SIGN_STYLE = Automatic;
				CURRENT_PROJECT_VERSION = 1;
				DEVELOPMENT_TEAM = FMKKTRJKX6;
				GENERATE_INFOPLIST_FILE = YES;
				INFOPLIST_FILE = MyNotes2/Info.plist;
				INFOPLIST_KEY_UIApplicationSupportsIndirectInputEvents = YES;
				INFOPLIST_KEY_UILaunchStoryboardName = LaunchScreen;
				INFOPLIST_KEY_UISupportedInterfaceOrientations_iPad = "UIInterfaceOrientationPortrait UIInterfaceOrientationPortraitUpsideDown UIInterfaceOrientationLandscapeLeft UIInterfaceOrientationLandscapeRight";
				INFOPLIST_KEY_UISupportedInterfaceOrientations_iPhone = "UIInterfaceOrientationPortrait UIInterfaceOrientationLandscapeLeft UIInterfaceOrientationLandscapeRight";
				LD_RUNPATH_SEARCH_PATHS = (
					"$(inherited)",
					"@executable_path/Frameworks",
				);
				MARKETING_VERSION = 1.0;
				PRODUCT_BUNDLE_IDENTIFIER = com.adylCEO.MyNotes2;
				PRODUCT_NAME = "$(TARGET_NAME)";
				SWIFT_EMIT_LOC_STRINGS = YES;
				SWIFT_VERSION = 5.0;
				TARGETED_DEVICE_FAMILY = "1,2";
			};
			name = Debug;
		};
		2E2CB34B2BA2F6B2004ED8ED /* Release */ = {
			isa = XCBuildConfiguration;
			buildSettings = {
				ASSETCATALOG_COMPILER_APPICON_NAME = AppIcon;
				ASSETCATALOG_COMPILER_GLOBAL_ACCENT_COLOR_NAME = AccentColor;
				CODE_SIGN_STYLE = Automatic;
				CURRENT_PROJECT_VERSION = 1;
				DEVELOPMENT_TEAM = FMKKTRJKX6;
				GENERATE_INFOPLIST_FILE = YES;
				INFOPLIST_FILE = MyNotes2/Info.plist;
				INFOPLIST_KEY_UIApplicationSupportsIndirectInputEvents = YES;
				INFOPLIST_KEY_UILaunchStoryboardName = LaunchScreen;
				INFOPLIST_KEY_UISupportedInterfaceOrientations_iPad = "UIInterfaceOrientationPortrait UIInterfaceOrientationPortraitUpsideDown UIInterfaceOrientationLandscapeLeft UIInterfaceOrientationLandscapeRight";
				INFOPLIST_KEY_UISupportedInterfaceOrientations_iPhone = "UIInterfaceOrientationPortrait UIInterfaceOrientationLandscapeLeft UIInterfaceOrientationLandscapeRight";
				LD_RUNPATH_SEARCH_PATHS = (
					"$(inherited)",
					"@executable_path/Frameworks",
				);
				MARKETING_VERSION = 1.0;
				PRODUCT_BUNDLE_IDENTIFIER = com.adylCEO.MyNotes2;
				PRODUCT_NAME = "$(TARGET_NAME)";
				SWIFT_EMIT_LOC_STRINGS = YES;
				SWIFT_VERSION = 5.0;
				TARGETED_DEVICE_FAMILY = "1,2";
			};
			name = Release;
		};
/* End XCBuildConfiguration section */

/* Begin XCConfigurationList section */
		2E2CB3302BA2F6B0004ED8ED /* Build configuration list for PBXProject "MyNotes2" */ = {
			isa = XCConfigurationList;
			buildConfigurations = (
				2E2CB3472BA2F6B2004ED8ED /* Debug */,
				2E2CB3482BA2F6B2004ED8ED /* Release */,
			);
			defaultConfigurationIsVisible = 0;
			defaultConfigurationName = Release;
		};
		2E2CB3492BA2F6B2004ED8ED /* Build configuration list for PBXNativeTarget "MyNotes2" */ = {
			isa = XCConfigurationList;
			buildConfigurations = (
				2E2CB34A2BA2F6B2004ED8ED /* Debug */,
				2E2CB34B2BA2F6B2004ED8ED /* Release */,
			);
			defaultConfigurationIsVisible = 0;
			defaultConfigurationName = Release;
		};
/* End XCConfigurationList section */

/* Begin XCVersionGroup section */
		2E2CB3692BA45254004ED8ED /* Note.xcdatamodeld */ = {
			isa = XCVersionGroup;
			children = (
				2E2CB36A2BA45254004ED8ED /* Note.xcdatamodel */,
			);
			currentVersion = 2E2CB36A2BA45254004ED8ED /* Note.xcdatamodel */;
			path = Note.xcdatamodeld;
			sourceTree = "<group>";
			versionGroupType = wrapper.xcdatamodel;
		};
/* End XCVersionGroup section */
	};
	rootObject = 2E2CB32D2BA2F6B0004ED8ED /* Project object */;
}
